// !$*UTF8*$!
{
	archiveVersion = 1;
	classes = {
	};
	objectVersion = 50;
	objects = {

/* Begin PBXBuildFile section */
		C7E5EECA2300F7E000386AAC /* AppDelegate.swift in Sources */ = {isa = PBXBuildFile; fileRef = C7E5EEC92300F7E000386AAC /* AppDelegate.swift */; };
		C7E5EECC2300F7E000386AAC /* SceneDelegate.swift in Sources */ = {isa = PBXBuildFile; fileRef = C7E5EECB2300F7E000386AAC /* SceneDelegate.swift */; };
		C7E5EECE2300F7E000386AAC /* ContentView.swift in Sources */ = {isa = PBXBuildFile; fileRef = C7E5EECD2300F7E000386AAC /* ContentView.swift */; };
		C7E5EED02300F7E100386AAC /* Assets.xcassets in Resources */ = {isa = PBXBuildFile; fileRef = C7E5EECF2300F7E100386AAC /* Assets.xcassets */; };
		C7E5EED32300F7E100386AAC /* Preview Assets.xcassets in Resources */ = {isa = PBXBuildFile; fileRef = C7E5EED22300F7E100386AAC /* Preview Assets.xcassets */; };
		C7E5EED62300F7E100386AAC /* LaunchScreen.storyboard in Resources */ = {isa = PBXBuildFile; fileRef = C7E5EED42300F7E100386AAC /* LaunchScreen.storyboard */; };
/* End PBXBuildFile section */

/* Begin PBXFileReference section */
		C7E5EEC62300F7E000386AAC /* 11-Hiking.app */ = {isa = PBXFileReference; explicitFileType = wrapper.application; includeInIndex = 0; path = "11-Hiking.app"; sourceTree = BUILT_PRODUCTS_DIR; };
		C7E5EEC92300F7E000386AAC /* AppDelegate.swift */ = {isa = PBXFileReference; lastKnownFileType = sourcecode.swift; path = AppDelegate.swift; sourceTree = "<group>"; };
		C7E5EECB2300F7E000386AAC /* SceneDelegate.swift */ = {isa = PBXFileReference; lastKnownFileType = sourcecode.swift; path = SceneDelegate.swift; sourceTree = "<group>"; };
		C7E5EECD2300F7E000386AAC /* ContentView.swift */ = {isa = PBXFileReference; lastKnownFileType = sourcecode.swift; path = ContentView.swift; sourceTree = "<group>"; };
		C7E5EECF2300F7E100386AAC /* Assets.xcassets */ = {isa = PBXFileReference; lastKnownFileType = folder.assetcatalog; path = Assets.xcassets; sourceTree = "<group>"; };
		C7E5EED22300F7E100386AAC /* Preview Assets.xcassets */ = {isa = PBXFileReference; lastKnownFileType = folder.assetcatalog; path = "Preview Assets.xcassets"; sourceTree = "<group>"; };
		C7E5EED52300F7E100386AAC /* Base */ = {isa = PBXFileReference; lastKnownFileType = file.storyboard; name = Base; path = Base.lproj/LaunchScreen.storyboard; sourceTree = "<group>"; };
		C7E5EED72300F7E100386AAC /* Info.plist */ = {isa = PBXFileReference; lastKnownFileType = text.plist.xml; path = Info.plist; sourceTree = "<group>"; };
/* End PBXFileReference section */

/* Begin PBXFrameworksBuildPhase section */
		C7E5EEC32300F7E000386AAC /* Frameworks */ = {
			isa = PBXFrameworksBuildPhase;
			buildActionMask = 2147483647;
			files = (
			);
			runOnlyForDeploymentPostprocessing = 0;
		};
/* End PBXFrameworksBuildPhase section */

/* Begin PBXGroup section */
		C7E5EEBD2300F7E000386AAC = {
			isa = PBXGroup;
			children = (
				C7E5EEC82300F7E000386AAC /* 11-Hiking */,
				C7E5EEC72300F7E000386AAC /* Products */,
			);
			sourceTree = "<group>";
		};
		C7E5EEC72300F7E000386AAC /* Products */ = {
			isa = PBXGroup;
			children = (
				C7E5EEC62300F7E000386AAC /* 11-Hiking.app */,
			);
			name = Products;
			sourceTree = "<group>";
		};
		C7E5EEC82300F7E000386AAC /* 11-Hiking */ = {
			isa = PBXGroup;
			children = (
				C7E5EEC92300F7E000386AAC /* AppDelegate.swift */,
				C7E5EECB2300F7E000386AAC /* SceneDelegate.swift */,
				C7E5EECD2300F7E000386AAC /* ContentView.swift */,
				C7E5EECF2300F7E100386AAC /* Assets.xcassets */,
				C7E5EED42300F7E100386AAC /* LaunchScreen.storyboard */,
				C7E5EED72300F7E100386AAC /* Info.plist */,
				C7E5EED12300F7E100386AAC /* Preview Content */,
			);
			path = "11-Hiking";
			sourceTree = "<group>";
		};
		C7E5EED12300F7E100386AAC /* Preview Content */ = {
			isa = PBXGroup;
			children = (
				C7E5EED22300F7E100386AAC /* Preview Assets.xcassets */,
			);
			path = "Preview Content";
			sourceTree = "<group>";
		};
/* End PBXGroup section */

/* Begin PBXNativeTarget section */
		C7E5EEC52300F7E000386AAC /* 11-Hiking */ = {
			isa = PBXNativeTarget;
			buildConfigurationList = C7E5EEDA2300F7E100386AAC /* Build configuration list for PBXNativeTarget "11-Hiking" */;
			buildPhases = (
				C7E5EEC22300F7E000386AAC /* Sources */,
				C7E5EEC32300F7E000386AAC /* Frameworks */,
				C7E5EEC42300F7E000386AAC /* Resources */,
			);
			buildRules = (
			);
			dependencies = (
			);
			name = "11-Hiking";
			productName = "11-Hiking";
			productReference = C7E5EEC62300F7E000386AAC /* 11-Hiking.app */;
			productType = "com.apple.product-type.application";
		};
/* End PBXNativeTarget section */

/* Begin PBXProject section */
		C7E5EEBE2300F7E000386AAC /* Project object */ = {
			isa = PBXProject;
			attributes = {
				LastSwiftUpdateCheck = 1100;
				LastUpgradeCheck = 1100;
				ORGANIZATIONNAME = "Diego Salazar Arp";
				TargetAttributes = {
					C7E5EEC52300F7E000386AAC = {
						CreatedOnToolsVersion = 11.0;
					};
				};
			};
			buildConfigurationList = C7E5EEC12300F7E000386AAC /* Build configuration list for PBXProject "11-Hiking" */;
			compatibilityVersion = "Xcode 9.3";
			developmentRegion = en;
			hasScannedForEncodings = 0;
			knownRegions = (
				en,
				Base,
			);
			mainGroup = C7E5EEBD2300F7E000386AAC;
			productRefGroup = C7E5EEC72300F7E000386AAC /* Products */;
			projectDirPath = "";
			projectRoot = "";
			targets = (
				C7E5EEC52300F7E000386AAC /* 11-Hiking */,
			);
		};
/* End PBXProject section */

/* Begin PBXResourcesBuildPhase section */
		C7E5EEC42300F7E000386AAC /* Resources */ = {
			isa = PBXResourcesBuildPhase;
			buildActionMask = 2147483647;
			files = (
				C7E5EED62300F7E100386AAC /* LaunchScreen.storyboard in Resources */,
				C7E5EED32300F7E100386AAC /* Preview Assets.xcassets in Resources */,
				C7E5EED02300F7E100386AAC /* Assets.xcassets in Resources */,
			);
			runOnlyForDeploymentPostprocessing = 0;
		};
/* End PBXResourcesBuildPhase section */

/* Begin PBXSourcesBuildPhase section */
		C7E5EEC22300F7E000386AAC /* Sources */ = {
			isa = PBXSourcesBuildPhase;
			buildActionMask = 2147483647;
			files = (
				C7E5EECA2300F7E000386AAC /* AppDelegate.swift in Sources */,
				C7E5EECC2300F7E000386AAC /* SceneDelegate.swift in Sources */,
				C7E5EECE2300F7E000386AAC /* ContentView.swift in Sources */,
			);
			runOnlyForDeploymentPostprocessing = 0;
		};
/* End PBXSourcesBuildPhase section */

/* Begin PBXVariantGroup section */
		C7E5EED42300F7E100386AAC /* LaunchScreen.storyboard */ = {
			isa = PBXVariantGroup;
			children = (
				C7E5EED52300F7E100386AAC /* Base */,
			);
			name = LaunchScreen.storyboard;
			sourceTree = "<group>";
		};
/* End PBXVariantGroup section */

/* Begin XCBuildConfiguration section */
		C7E5EED82300F7E100386AAC /* Debug */ = {
			isa = XCBuildConfiguration;
			buildSettings = {
				ALWAYS_SEARCH_USER_PATHS = NO;
				CLANG_ANALYZER_NONNULL = YES;
				CLANG_ANALYZER_NUMBER_OBJECT_CONVERSION = YES_AGGRESSIVE;
				CLANG_CXX_LANGUAGE_STANDARD = "gnu++14";
				CLANG_CXX_LIBRARY = "libc++";
				CLANG_ENABLE_MODULES = YES;
				CLANG_ENABLE_OBJC_ARC = YES;
				CLANG_ENABLE_OBJC_WEAK = YES;
				CLANG_WARN_BLOCK_CAPTURE_AUTORELEASING = YES;
				CLANG_WARN_BOOL_CONVERSION = YES;
				CLANG_WARN_COMMA = YES;
				CLANG_WARN_CONSTANT_CONVERSION = YES;
				CLANG_WARN_DEPRECATED_OBJC_IMPLEMENTATIONS = YES;
				CLANG_WARN_DIRECT_OBJC_ISA_USAGE = YES_ERROR;
				CLANG_WARN_DOCUMENTATION_COMMENTS = YES;
				CLANG_WARN_EMPTY_BODY = YES;
				CLANG_WARN_ENUM_CONVERSION = YES;
				CLANG_WARN_INFINITE_RECURSION = YES;
				CLANG_WARN_INT_CONVERSION = YES;
				CLANG_WARN_NON_LITERAL_NULL_CONVERSION = YES;
				CLANG_WARN_OBJC_IMPLICIT_RETAIN_SELF = YES;
				CLANG_WARN_OBJC_LITERAL_CONVERSION = YES;
				CLANG_WARN_OBJC_ROOT_CLASS = YES_ERROR;
				CLANG_WARN_RANGE_LOOP_ANALYSIS = YES;
				CLANG_WARN_STRICT_PROTOTYPES = YES;
				CLANG_WARN_SUSPICIOUS_MOVE = YES;
				CLANG_WARN_UNGUARDED_AVAILABILITY = YES_AGGRESSIVE;
				CLANG_WARN_UNREACHABLE_CODE = YES;
				CLANG_WARN__DUPLICATE_METHOD_MATCH = YES;
				COPY_PHASE_STRIP = NO;
				DEBUG_INFORMATION_FORMAT = dwarf;
				ENABLE_STRICT_OBJC_MSGSEND = YES;
				ENABLE_TESTABILITY = YES;
				GCC_C_LANGUAGE_STANDARD = gnu11;
				GCC_DYNAMIC_NO_PIC = NO;
				GCC_NO_COMMON_BLOCKS = YES;
				GCC_OPTIMIZATION_LEVEL = 0;
				GCC_PREPROCESSOR_DEFINITIONS = (
					"DEBUG=1",
					"$(inherited)",
				);
				GCC_WARN_64_TO_32_BIT_CONVERSION = YES;
				GCC_WARN_ABOUT_RETURN_TYPE = YES_ERROR;
				GCC_WARN_UNDECLARED_SELECTOR = YES;
				GCC_WARN_UNINITIALIZED_AUTOS = YES_AGGRESSIVE;
				GCC_WARN_UNUSED_FUNCTION = YES;
				GCC_WARN_UNUSED_VARIABLE = YES;
				IPHONEOS_DEPLOYMENT_TARGET = 13.0;
				MTL_ENABLE_DEBUG_INFO = INCLUDE_SOURCE;
				MTL_FAST_MATH = YES;
				ONLY_ACTIVE_ARCH = YES;
				SDKROOT = iphoneos;
				SWIFT_ACTIVE_COMPILATION_CONDITIONS = DEBUG;
				SWIFT_OPTIMIZATION_LEVEL = "-Onone";
			};
			name = Debug;
		};
		C7E5EED92300F7E100386AAC /* Release */ = {
			isa = XCBuildConfiguration;
			buildSettings = {
				ALWAYS_SEARCH_USER_PATHS = NO;
				CLANG_ANALYZER_NONNULL = YES;
				CLANG_ANALYZER_NUMBER_OBJECT_CONVERSION = YES_AGGRESSIVE;
				CLANG_CXX_LANGUAGE_STANDARD = "gnu++14";
				CLANG_CXX_LIBRARY = "libc++";
				CLANG_ENABLE_MODULES = YES;
				CLANG_ENABLE_OBJC_ARC = YES;
				CLANG_ENABLE_OBJC_WEAK = YES;
				CLANG_WARN_BLOCK_CAPTURE_AUTORELEASING = YES;
				CLANG_WARN_BOOL_CONVERSION = YES;
				CLANG_WARN_COMMA = YES;
				CLANG_WARN_CONSTANT_CONVERSION = YES;
				CLANG_WARN_DEPRECATED_OBJC_IMPLEMENTATIONS = YES;
				CLANG_WARN_DIRECT_OBJC_ISA_USAGE = YES_ERROR;
				CLANG_WARN_DOCUMENTATION_COMMENTS = YES;
				CLANG_WARN_EMPTY_BODY = YES;
				CLANG_WARN_ENUM_CONVERSION = YES;
				CLANG_WARN_INFINITE_RECURSION = YES;
				CLANG_WARN_INT_CONVERSION = YES;
				CLANG_WARN_NON_LITERAL_NULL_CONVERSION = YES;
				CLANG_WARN_OBJC_IMPLICIT_RETAIN_SELF = YES;
				CLANG_WARN_OBJC_LITERAL_CONVERSION = YES;
				CLANG_WARN_OBJC_ROOT_CLASS = YES_ERROR;
				CLANG_WARN_RANGE_LOOP_ANALYSIS = YES;
				CLANG_WARN_STRICT_PROTOTYPES = YES;
				CLANG_WARN_SUSPICIOUS_MOVE = YES;
				CLANG_WARN_UNGUARDED_AVAILABILITY = YES_AGGRESSIVE;
				CLANG_WARN_UNREACHABLE_CODE = YES;
				CLANG_WARN__DUPLICATE_METHOD_MATCH = YES;
				COPY_PHASE_STRIP = NO;
				DEBUG_INFORMATION_FORMAT = "dwarf-with-dsym";
				ENABLE_NS_ASSERTIONS = NO;
				ENABLE_STRICT_OBJC_MSGSEND = YES;
				GCC_C_LANGUAGE_STANDARD = gnu11;
				GCC_NO_COMMON_BLOCKS = YES;
				GCC_WARN_64_TO_32_BIT_CONVERSION = YES;
				GCC_WARN_ABOUT_RETURN_TYPE = YES_ERROR;
				GCC_WARN_UNDECLARED_SELECTOR = YES;
				GCC_WARN_UNINITIALIZED_AUTOS = YES_AGGRESSIVE;
				GCC_WARN_UNUSED_FUNCTION = YES;
				GCC_WARN_UNUSED_VARIABLE = YES;
				IPHONEOS_DEPLOYMENT_TARGET = 13.0;
				MTL_ENABLE_DEBUG_INFO = NO;
				MTL_FAST_MATH = YES;
				SDKROOT = iphoneos;
				SWIFT_COMPILATION_MODE = wholemodule;
				SWIFT_OPTIMIZATION_LEVEL = "-O";
				VALIDATE_PRODUCT = YES;
			};
			name = Release;
		};
		C7E5EEDB2300F7E100386AAC /* Debug */ = {
			isa = XCBuildConfiguration;
			buildSettings = {
				ASSETCATALOG_COMPILER_APPICON_NAME = AppIcon;
				CODE_SIGN_STYLE = Automatic;
				DEVELOPMENT_ASSET_PATHS = "11-Hiking/Preview\\ Content";
				DEVELOPMENT_TEAM = 896ZJ48GLN;
				ENABLE_PREVIEWS = YES;
				INFOPLIST_FILE = "11-Hiking/Info.plist";
				LD_RUNPATH_SEARCH_PATHS = (
					"$(inherited)",
					"@executable_path/Frameworks",
				);
				PRODUCT_BUNDLE_IDENTIFIER = "Darp-Dev.-1-Hiking";
				PRODUCT_NAME = "$(TARGET_NAME)";
				SWIFT_VERSION = 5.0;
				TARGETED_DEVICE_FAMILY = "1,2";
			};
			name = Debug;
		};
		C7E5EEDC2300F7E100386AAC /* Release */ = {
			isa = XCBuildConfiguration;
			buildSettings = {
				ASSETCATALOG_COMPILER_APPICON_NAME = AppIcon;
				CODE_SIGN_STYLE = Automatic;
				DEVELOPMENT_ASSET_PATHS = "11-Hiking/Preview\\ Content";
				DEVELOPMENT_TEAM = 896ZJ48GLN;
				ENABLE_PREVIEWS = YES;
				INFOPLIST_FILE = "11-Hiking/Info.plist";
				LD_RUNPATH_SEARCH_PATHS = (
					"$(inherited)",
					"@executable_path/Frameworks",
				);
				PRODUCT_BUNDLE_IDENTIFIER = "Darp-Dev.-1-Hiking";
				PRODUCT_NAME = "$(TARGET_NAME)";
				SWIFT_VERSION = 5.0;
				TARGETED_DEVICE_FAMILY = "1,2";
			};
			name = Release;
		};
/* End XCBuildConfiguration section */

/* Begin XCConfigurationList section */
		C7E5EEC12300F7E000386AAC /* Build configuration list for PBXProject "11-Hiking" */ = {
			isa = XCConfigurationList;
			buildConfigurations = (
				C7E5EED82300F7E100386AAC /* Debug */,
				C7E5EED92300F7E100386AAC /* Release */,
			);
			defaultConfigurationIsVisible = 0;
			defaultConfigurationName = Release;
		};
		C7E5EEDA2300F7E100386AAC /* Build configuration list for PBXNativeTarget "11-Hiking" */ = {
			isa = XCConfigurationList;
			buildConfigurations = (
				C7E5EEDB2300F7E100386AAC /* Debug */,
				C7E5EEDC2300F7E100386AAC /* Release */,
			);
			defaultConfigurationIsVisible = 0;
			defaultConfigurationName = Release;
		};
/* End XCConfigurationList section */
	};
	rootObject = C7E5EEBE2300F7E000386AAC /* Project object */;
}
